github.com/ernyoke/imger v1.0.0 h1:v+vnOpZwCfet5AUruwhN54g9v8CnhKOB3ZCsMIa5AZ0=
github.com/ernyoke/imger v1.0.0/go.mod h1:Ft4UQ3taMpn8EVVLWRlT0ijOvMTKZZqhXXR4VzCsAT4=
golang.org/x/image v0.15.0 h1:kOELfmgrmJlw4Cdb7g/QGuB3CvDrXbqEIww/pNtNBm8=
golang.org/x/image v0.15.0/go.mod h1:HUYqC05R2ZcZ3ejNQsIHQDQiwWM4JBqmm6MKANTp4LE=
